
Microsoft Visual Studio Solution File, Format Version 12.00
# Visual Studio Version 16
VisualStudioVersion = 16.0.33927.289
MinimumVisualStudioVersion = 10.0.40219.1
Project("{2150E333-8FDC-42A3-9474-1A3956D46DE8}") = "Task0", "Task0", "{96EC2409-5973-442A-9269-D7C8095FB90C}"
EndProject
Project("{FAE04EC0-301F-11D3-BF4B-00C04F79EFBC}") = "Tyuiu.ShaukerovaAN.Sprint2.Task0.V14", "Tyuiu.ShaukerovaAN.Sprint2.Task0.V14\Tyuiu.ShaukerovaAN.Sprint2.Task0.V14.csproj", "{196306AE-1772-4193-9536-10663C652E2D}"
EndProject
Project("{FAE04EC0-301F-11D3-BF4B-00C04F79EFBC}") = "Tyuiu.ShaukerovaAN.Sprint2.Task0.V14.Lib", "Tyuiu.ShaukerovaAN.Sprint2.Task0.V14.Lib\Tyuiu.ShaukerovaAN.Sprint2.Task0.V14.Lib.csproj", "{56F327BE-8084-4178-ACDC-A3AC4EF6FA1A}"
EndProject
Project("{FAE04EC0-301F-11D3-BF4B-00C04F79EFBC}") = "Tyuiu.ShaukerovaAN.Sprint2.Task0.V14.Test", "Tyuiu.ShaukerovaAN.Sprint2.Task0.V14.Test\Tyuiu.ShaukerovaAN.Sprint2.Task0.V14.Test.csproj", "{9A9184A0-44D1-4E6C-BCE7-BEA123C855E3}"
EndProject
Project("{2150E333-8FDC-42A3-9474-1A3956D46DE8}") = "Task1", "Task1", "{F6460B97-9EBE-495D-BC38-9120FA632604}"
EndProject
Project("{FAE04EC0-301F-11D3-BF4B-00C04F79EFBC}") = "Tyuiu.ShaukerovaAN.Sprint2.Task1.V25", "Tyuiu.ShaukerovaAN.Sprint2.Task1.V25\Tyuiu.ShaukerovaAN.Sprint2.Task1.V25.csproj", "{FD249D46-6112-43B4-8C25-BC1276B1E376}"
EndProject
Project("{FAE04EC0-301F-11D3-BF4B-00C04F79EFBC}") = "Tyuiu.ShaukerovaAN.Sprint2.Task1.V25.Lib", "Tyuiu.ShaukerovaAN.Sprint2.Task1.V25.Lib\Tyuiu.ShaukerovaAN.Sprint2.Task1.V25.Lib.csproj", "{04D9DDBB-4B6A-4277-9956-03F918E00631}"
EndProject
Project("{FAE04EC0-301F-11D3-BF4B-00C04F79EFBC}") = "Tyuiu.ShaukerovaAN.Sprint2.Task1.V25.Test", "Tyuiu.ShaukerovaAN.Sprint2.Task1.V25.Test\Tyuiu.ShaukerovaAN.Sprint2.Task1.V25.Test.csproj", "{69C1C1D6-7C9D-408A-9AF6-93079E8850B9}"
EndProject
Project("{2150E333-8FDC-42A3-9474-1A3956D46DE8}") = "Task2", "Task2", "{031D96A8-E452-4CFC-B0F4-119C26FEC0A4}"
EndProject
Project("{FAE04EC0-301F-11D3-BF4B-00C04F79EFBC}") = "Tyuiu.ShaukerovaAN.Sprint2.Task2.V7", "Tyuiu.ShaukerovaAN.Sprint2.Task2.V7\Tyuiu.ShaukerovaAN.Sprint2.Task2.V7.csproj", "{73FF2B26-CC1D-4C8F-9F99-D710A042431F}"
EndProject
Project("{FAE04EC0-301F-11D3-BF4B-00C04F79EFBC}") = "Tyuiu.ShaukerovaAN.Sprint2.Task2.V7.Lib", "Tyuiu.ShaukerovaAN.Sprint2.Task2.V7.Lib\Tyuiu.ShaukerovaAN.Sprint2.Task2.V7.Lib.csproj", "{53182C68-91D1-4C6C-82CD-934D88085732}"
EndProject
Project("{FAE04EC0-301F-11D3-BF4B-00C04F79EFBC}") = "Tyuiu.ShaukerovaAN.Sprint2.Task2.V7.Test", "Tyuiu.ShaukerovaAN.Sprint2.Task2.V7.Test\Tyuiu.ShaukerovaAN.Sprint2.Task2.V7.Test.csproj", "{638699D0-C75C-4870-980E-DE2BB8B8B92C}"
EndProject
Project("{2150E333-8FDC-42A3-9474-1A3956D46DE8}") = "Task3", "Task3", "{0C974513-0BF8-486C-89BA-AF9486466572}"
EndProject
Project("{FAE04EC0-301F-11D3-BF4B-00C04F79EFBC}") = "Tyuiu.ShaukerovaAN.Sprint2.Task3.V16", "Tyuiu.ShaukerovaAN.Sprint2.Task3.V16\Tyuiu.ShaukerovaAN.Sprint2.Task3.V16.csproj", "{B1B5B0BC-0D2E-42F1-8738-7CCB4B8D344D}"
EndProject
Project("{FAE04EC0-301F-11D3-BF4B-00C04F79EFBC}") = "Tyuiu.ShaukerovaAN.Sprint2.Task3.V16.Lib", "Tyuiu.ShaukerovaAN.Sprint2.Task3.V16.Lib\Tyuiu.ShaukerovaAN.Sprint2.Task3.V16.Lib.csproj", "{8AE3E71B-DD33-408C-84B7-74AAA4B7B862}"
EndProject
Project("{FAE04EC0-301F-11D3-BF4B-00C04F79EFBC}") = "Tyuiu.ShaukerovaAN.Sprint2.Task3.V16.Test", "Tyuiu.ShaukerovaAN.Sprint2.Task3.V16.Test\Tyuiu.ShaukerovaAN.Sprint2.Task3.V16.Test.csproj", "{9885C89E-46C3-475A-91DC-DB22147BB32A}"
EndProject
Global
	GlobalSection(SolutionConfigurationPlatforms) = preSolution
		Debug|Any CPU = Debug|Any CPU
		Release|Any CPU = Release|Any CPU
	EndGlobalSection
	GlobalSection(ProjectConfigurationPlatforms) = postSolution
		{196306AE-1772-4193-9536-10663C652E2D}.Debug|Any CPU.ActiveCfg = Debug|Any CPU
		{196306AE-1772-4193-9536-10663C652E2D}.Debug|Any CPU.Build.0 = Debug|Any CPU
		{196306AE-1772-4193-9536-10663C652E2D}.Release|Any CPU.ActiveCfg = Release|Any CPU
		{196306AE-1772-4193-9536-10663C652E2D}.Release|Any CPU.Build.0 = Release|Any CPU
		{56F327BE-8084-4178-ACDC-A3AC4EF6FA1A}.Debug|Any CPU.ActiveCfg = Debug|Any CPU
		{56F327BE-8084-4178-ACDC-A3AC4EF6FA1A}.Debug|Any CPU.Build.0 = Debug|Any CPU
		{56F327BE-8084-4178-ACDC-A3AC4EF6FA1A}.Release|Any CPU.ActiveCfg = Release|Any CPU
		{56F327BE-8084-4178-ACDC-A3AC4EF6FA1A}.Release|Any CPU.Build.0 = Release|Any CPU
		{9A9184A0-44D1-4E6C-BCE7-BEA123C855E3}.Debug|Any CPU.ActiveCfg = Debug|Any CPU
		{9A9184A0-44D1-4E6C-BCE7-BEA123C855E3}.Debug|Any CPU.Build.0 = Debug|Any CPU
		{9A9184A0-44D1-4E6C-BCE7-BEA123C855E3}.Release|Any CPU.ActiveCfg = Release|Any CPU
		{9A9184A0-44D1-4E6C-BCE7-BEA123C855E3}.Release|Any CPU.Build.0 = Release|Any CPU
		{FD249D46-6112-43B4-8C25-BC1276B1E376}.Debug|Any CPU.ActiveCfg = Debug|Any CPU
		{FD249D46-6112-43B4-8C25-BC1276B1E376}.Debug|Any CPU.Build.0 = Debug|Any CPU
		{FD249D46-6112-43B4-8C25-BC1276B1E376}.Release|Any CPU.ActiveCfg = Release|Any CPU
		{FD249D46-6112-43B4-8C25-BC1276B1E376}.Release|Any CPU.Build.0 = Release|Any CPU
		{04D9DDBB-4B6A-4277-9956-03F918E00631}.Debug|Any CPU.ActiveCfg = Debug|Any CPU
		{04D9DDBB-4B6A-4277-9956-03F918E00631}.Debug|Any CPU.Build.0 = Debug|Any CPU
		{04D9DDBB-4B6A-4277-9956-03F918E00631}.Release|Any CPU.ActiveCfg = Release|Any CPU
		{04D9DDBB-4B6A-4277-9956-03F918E00631}.Release|Any CPU.Build.0 = Release|Any CPU
		{69C1C1D6-7C9D-408A-9AF6-93079E8850B9}.Debug|Any CPU.ActiveCfg = Debug|Any CPU
		{69C1C1D6-7C9D-408A-9AF6-93079E8850B9}.Debug|Any CPU.Build.0 = Debug|Any CPU
		{69C1C1D6-7C9D-408A-9AF6-93079E8850B9}.Release|Any CPU.ActiveCfg = Release|Any CPU
		{69C1C1D6-7C9D-408A-9AF6-93079E8850B9}.Release|Any CPU.Build.0 = Release|Any CPU
		{73FF2B26-CC1D-4C8F-9F99-D710A042431F}.Debug|Any CPU.ActiveCfg = Debug|Any CPU
		{73FF2B26-CC1D-4C8F-9F99-D710A042431F}.Debug|Any CPU.Build.0 = Debug|Any CPU
		{73FF2B26-CC1D-4C8F-9F99-D710A042431F}.Release|Any CPU.ActiveCfg = Release|Any CPU
		{73FF2B26-CC1D-4C8F-9F99-D710A042431F}.Release|Any CPU.Build.0 = Release|Any CPU
		{53182C68-91D1-4C6C-82CD-934D88085732}.Debug|Any CPU.ActiveCfg = Debug|Any CPU
		{53182C68-91D1-4C6C-82CD-934D88085732}.Debug|Any CPU.Build.0 = Debug|Any CPU
		{53182C68-91D1-4C6C-82CD-934D88085732}.Release|Any CPU.ActiveCfg = Release|Any CPU
		{53182C68-91D1-4C6C-82CD-934D88085732}.Release|Any CPU.Build.0 = Release|Any CPU
		{638699D0-C75C-4870-980E-DE2BB8B8B92C}.Debug|Any CPU.ActiveCfg = Debug|Any CPU
		{638699D0-C75C-4870-980E-DE2BB8B8B92C}.Debug|Any CPU.Build.0 = Debug|Any CPU
		{638699D0-C75C-4870-980E-DE2BB8B8B92C}.Release|Any CPU.ActiveCfg = Release|Any CPU
		{638699D0-C75C-4870-980E-DE2BB8B8B92C}.Release|Any CPU.Build.0 = Release|Any CPU
		{B1B5B0BC-0D2E-42F1-8738-7CCB4B8D344D}.Debug|Any CPU.ActiveCfg = Debug|Any CPU
		{B1B5B0BC-0D2E-42F1-8738-7CCB4B8D344D}.Debug|Any CPU.Build.0 = Debug|Any CPU
		{B1B5B0BC-0D2E-42F1-8738-7CCB4B8D344D}.Release|Any CPU.ActiveCfg = Release|Any CPU
		{B1B5B0BC-0D2E-42F1-8738-7CCB4B8D344D}.Release|Any CPU.Build.0 = Release|Any CPU
		{8AE3E71B-DD33-408C-84B7-74AAA4B7B862}.Debug|Any CPU.ActiveCfg = Debug|Any CPU
		{8AE3E71B-DD33-408C-84B7-74AAA4B7B862}.Debug|Any CPU.Build.0 = Debug|Any CPU
		{8AE3E71B-DD33-408C-84B7-74AAA4B7B862}.Release|Any CPU.ActiveCfg = Release|Any CPU
		{8AE3E71B-DD33-408C-84B7-74AAA4B7B862}.Release|Any CPU.Build.0 = Release|Any CPU
		{9885C89E-46C3-475A-91DC-DB22147BB32A}.Debug|Any CPU.ActiveCfg = Debug|Any CPU
		{9885C89E-46C3-475A-91DC-DB22147BB32A}.Debug|Any CPU.Build.0 = Debug|Any CPU
		{9885C89E-46C3-475A-91DC-DB22147BB32A}.Release|Any CPU.ActiveCfg = Release|Any CPU
		{9885C89E-46C3-475A-91DC-DB22147BB32A}.Release|Any CPU.Build.0 = Release|Any CPU
	EndGlobalSection
	GlobalSection(SolutionProperties) = preSolution
		HideSolutionNode = FALSE
	EndGlobalSection
	GlobalSection(NestedProjects) = preSolution
		{196306AE-1772-4193-9536-10663C652E2D} = {96EC2409-5973-442A-9269-D7C8095FB90C}
		{56F327BE-8084-4178-ACDC-A3AC4EF6FA1A} = {96EC2409-5973-442A-9269-D7C8095FB90C}
		{9A9184A0-44D1-4E6C-BCE7-BEA123C855E3} = {96EC2409-5973-442A-9269-D7C8095FB90C}
		{FD249D46-6112-43B4-8C25-BC1276B1E376} = {F6460B97-9EBE-495D-BC38-9120FA632604}
		{04D9DDBB-4B6A-4277-9956-03F918E00631} = {F6460B97-9EBE-495D-BC38-9120FA632604}
		{69C1C1D6-7C9D-408A-9AF6-93079E8850B9} = {F6460B97-9EBE-495D-BC38-9120FA632604}
		{73FF2B26-CC1D-4C8F-9F99-D710A042431F} = {031D96A8-E452-4CFC-B0F4-119C26FEC0A4}
		{53182C68-91D1-4C6C-82CD-934D88085732} = {031D96A8-E452-4CFC-B0F4-119C26FEC0A4}
		{638699D0-C75C-4870-980E-DE2BB8B8B92C} = {031D96A8-E452-4CFC-B0F4-119C26FEC0A4}
		{B1B5B0BC-0D2E-42F1-8738-7CCB4B8D344D} = {0C974513-0BF8-486C-89BA-AF9486466572}
		{8AE3E71B-DD33-408C-84B7-74AAA4B7B862} = {0C974513-0BF8-486C-89BA-AF9486466572}
		{9885C89E-46C3-475A-91DC-DB22147BB32A} = {0C974513-0BF8-486C-89BA-AF9486466572}
	EndGlobalSection
	GlobalSection(ExtensibilityGlobals) = postSolution
		SolutionGuid = {CE051EBB-9696-43FA-9457-EAF2046C45DC}
	EndGlobalSection
EndGlobal
